// !$*UTF8*$!
{
	archiveVersion = 1;
	classes = {
	};
	objectVersion = 46;
	objects = {

/* Begin PBXBuildFile section */
		8C4C55DF191EDE18000C57B0 /* Foundation.framework in Frameworks */ = {isa = PBXBuildFile; fileRef = 8C4C55DE191EDE18000C57B0 /* Foundation.framework */; };
		8C4C55E1191EDE18000C57B0 /* CoreGraphics.framework in Frameworks */ = {isa = PBXBuildFile; fileRef = 8C4C55E0191EDE18000C57B0 /* CoreGraphics.framework */; };
		8C4C55E3191EDE18000C57B0 /* UIKit.framework in Frameworks */ = {isa = PBXBuildFile; fileRef = 8C4C55E2191EDE18000C57B0 /* UIKit.framework */; };
		8C4C55E9191EDE18000C57B0 /* InfoPlist.strings in Resources */ = {isa = PBXBuildFile; fileRef = 8C4C55E7191EDE18000C57B0 /* InfoPlist.strings */; };
		8C4C55EB191EDE18000C57B0 /* main.m in Sources */ = {isa = PBXBuildFile; fileRef = 8C4C55EA191EDE18000C57B0 /* main.m */; };
		8C4C55EF191EDE18000C57B0 /* AppDelegate.m in Sources */ = {isa = PBXBuildFile; fileRef = 8C4C55EE191EDE18000C57B0 /* AppDelegate.m */; };
		8C4C55F2191EDE18000C57B0 /* Main.storyboard in Resources */ = {isa = PBXBuildFile; fileRef = 8C4C55F0191EDE18000C57B0 /* Main.storyboard */; };
		8C4C55F5191EDE18000C57B0 /* ViewController.m in Sources */ = {isa = PBXBuildFile; fileRef = 8C4C55F4191EDE18000C57B0 /* ViewController.m */; };
		8C4C55F7191EDE18000C57B0 /* Images.xcassets in Resources */ = {isa = PBXBuildFile; fileRef = 8C4C55F6191EDE18000C57B0 /* Images.xcassets */; };
		8C4C55FE191EDE18000C57B0 /* XCTest.framework in Frameworks */ = {isa = PBXBuildFile; fileRef = 8C4C55FD191EDE18000C57B0 /* XCTest.framework */; };
		8C4C55FF191EDE18000C57B0 /* Foundation.framework in Frameworks */ = {isa = PBXBuildFile; fileRef = 8C4C55DE191EDE18000C57B0 /* Foundation.framework */; };
		8C4C5600191EDE18000C57B0 /* UIKit.framework in Frameworks */ = {isa = PBXBuildFile; fileRef = 8C4C55E2191EDE18000C57B0 /* UIKit.framework */; };
		8C4C5608191EDE18000C57B0 /* InfoPlist.strings in Resources */ = {isa = PBXBuildFile; fileRef = 8C4C5606191EDE18000C57B0 /* InfoPlist.strings */; };
		8C4C560A191EDE18000C57B0 /* _10514_OpenCV_Circle_Hough_TransformTests.m in Sources */ = {isa = PBXBuildFile; fileRef = 8C4C5609191EDE18000C57B0 /* _10514_OpenCV_Circle_Hough_TransformTests.m */; };
/* End PBXBuildFile section */

/* Begin PBXContainerItemProxy section */
		8C4C5601191EDE18000C57B0 /* PBXContainerItemProxy */ = {
			isa = PBXContainerItemProxy;
			containerPortal = 8C4C55D3191EDE18000C57B0 /* Project object */;
			proxyType = 1;
			remoteGlobalIDString = 8C4C55DA191EDE18000C57B0;
			remoteInfo = "110514 OpenCV Circle Hough Transform";
		};
/* End PBXContainerItemProxy section */

/* Begin PBXFileReference section */
		8C4C55DB191EDE18000C57B0 /* 110514 OpenCV Circle Hough Transform.app */ = {isa = PBXFileReference; explicitFileType = wrapper.application; includeInIndex = 0; path = "110514 OpenCV Circle Hough Transform.app"; sourceTree = BUILT_PRODUCTS_DIR; };
		8C4C55DE191EDE18000C57B0 /* Foundation.framework */ = {isa = PBXFileReference; lastKnownFileType = wrapper.framework; name = Foundation.framework; path = System/Library/Frameworks/Foundation.framework; sourceTree = SDKROOT; };
		8C4C55E0191EDE18000C57B0 /* CoreGraphics.framework */ = {isa = PBXFileReference; lastKnownFileType = wrapper.framework; name = CoreGraphics.framework; path = System/Library/Frameworks/CoreGraphics.framework; sourceTree = SDKROOT; };
		8C4C55E2191EDE18000C57B0 /* UIKit.framework */ = {isa = PBXFileReference; lastKnownFileType = wrapper.framework; name = UIKit.framework; path = System/Library/Frameworks/UIKit.framework; sourceTree = SDKROOT; };
		8C4C55E6191EDE18000C57B0 /* 110514 OpenCV Circle Hough Transform-Info.plist */ = {isa = PBXFileReference; lastKnownFileType = text.plist.xml; path = "110514 OpenCV Circle Hough Transform-Info.plist"; sourceTree = "<group>"; };
		8C4C55E8191EDE18000C57B0 /* en */ = {isa = PBXFileReference; lastKnownFileType = text.plist.strings; name = en; path = en.lproj/InfoPlist.strings; sourceTree = "<group>"; };
		8C4C55EA191EDE18000C57B0 /* main.m */ = {isa = PBXFileReference; lastKnownFileType = sourcecode.c.objc; path = main.m; sourceTree = "<group>"; };
		8C4C55EC191EDE18000C57B0 /* 110514 OpenCV Circle Hough Transform-Prefix.pch */ = {isa = PBXFileReference; lastKnownFileType = sourcecode.c.h; path = "110514 OpenCV Circle Hough Transform-Prefix.pch"; sourceTree = "<group>"; };
		8C4C55ED191EDE18000C57B0 /* AppDelegate.h */ = {isa = PBXFileReference; lastKnownFileType = sourcecode.c.h; path = AppDelegate.h; sourceTree = "<group>"; };
		8C4C55EE191EDE18000C57B0 /* AppDelegate.m */ = {isa = PBXFileReference; lastKnownFileType = sourcecode.c.objc; path = AppDelegate.m; sourceTree = "<group>"; };
		8C4C55F1191EDE18000C57B0 /* Base */ = {isa = PBXFileReference; lastKnownFileType = file.storyboard; name = Base; path = Base.lproj/Main.storyboard; sourceTree = "<group>"; };
		8C4C55F3191EDE18000C57B0 /* ViewController.h */ = {isa = PBXFileReference; lastKnownFileType = sourcecode.c.h; path = ViewController.h; sourceTree = "<group>"; };
		8C4C55F4191EDE18000C57B0 /* ViewController.m */ = {isa = PBXFileReference; lastKnownFileType = sourcecode.c.objc; path = ViewController.m; sourceTree = "<group>"; };
		8C4C55F6191EDE18000C57B0 /* Images.xcassets */ = {isa = PBXFileReference; lastKnownFileType = folder.assetcatalog; path = Images.xcassets; sourceTree = "<group>"; };
		8C4C55FC191EDE18000C57B0 /* 110514 OpenCV Circle Hough TransformTests.xctest */ = {isa = PBXFileReference; explicitFileType = wrapper.cfbundle; includeInIndex = 0; path = "110514 OpenCV Circle Hough TransformTests.xctest"; sourceTree = BUILT_PRODUCTS_DIR; };
		8C4C55FD191EDE18000C57B0 /* XCTest.framework */ = {isa = PBXFileReference; lastKnownFileType = wrapper.framework; name = XCTest.framework; path = Library/Frameworks/XCTest.framework; sourceTree = DEVELOPER_DIR; };
		8C4C5605191EDE18000C57B0 /* 110514 OpenCV Circle Hough TransformTests-Info.plist */ = {isa = PBXFileReference; lastKnownFileType = text.plist.xml; path = "110514 OpenCV Circle Hough TransformTests-Info.plist"; sourceTree = "<group>"; };
		8C4C5607191EDE18000C57B0 /* en */ = {isa = PBXFileReference; lastKnownFileType = text.plist.strings; name = en; path = en.lproj/InfoPlist.strings; sourceTree = "<group>"; };
		8C4C5609191EDE18000C57B0 /* _10514_OpenCV_Circle_Hough_TransformTests.m */ = {isa = PBXFileReference; lastKnownFileType = sourcecode.c.objc; path = _10514_OpenCV_Circle_Hough_TransformTests.m; sourceTree = "<group>"; };
/* End PBXFileReference section */

/* Begin PBXFrameworksBuildPhase section */
		8C4C55D8191EDE18000C57B0 /* Frameworks */ = {
			isa = PBXFrameworksBuildPhase;
			buildActionMask = 2147483647;
			files = (
				8C4C55E1191EDE18000C57B0 /* CoreGraphics.framework in Frameworks */,
				8C4C55E3191EDE18000C57B0 /* UIKit.framework in Frameworks */,
				8C4C55DF191EDE18000C57B0 /* Foundation.framework in Frameworks */,
			);
			runOnlyForDeploymentPostprocessing = 0;
		};
		8C4C55F9191EDE18000C57B0 /* Frameworks */ = {
			isa = PBXFrameworksBuildPhase;
			buildActionMask = 2147483647;
			files = (
				8C4C55FE191EDE18000C57B0 /* XCTest.framework in Frameworks */,
				8C4C5600191EDE18000C57B0 /* UIKit.framework in Frameworks */,
				8C4C55FF191EDE18000C57B0 /* Foundation.framework in Frameworks */,
			);
			runOnlyForDeploymentPostprocessing = 0;
		};
/* End PBXFrameworksBuildPhase section */

/* Begin PBXGroup section */
		8C4C55D2191EDE18000C57B0 = {
			isa = PBXGroup;
			children = (
				8C4C55E4191EDE18000C57B0 /* 110514 OpenCV Circle Hough Transform */,
				8C4C5603191EDE18000C57B0 /* 110514 OpenCV Circle Hough TransformTests */,
				8C4C55DD191EDE18000C57B0 /* Frameworks */,
				8C4C55DC191EDE18000C57B0 /* Products */,
			);
			sourceTree = "<group>";
		};
		8C4C55DC191EDE18000C57B0 /* Products */ = {
			isa = PBXGroup;
			children = (
				8C4C55DB191EDE18000C57B0 /* 110514 OpenCV Circle Hough Transform.app */,
				8C4C55FC191EDE18000C57B0 /* 110514 OpenCV Circle Hough TransformTests.xctest */,
			);
			name = Products;
			sourceTree = "<group>";
		};
		8C4C55DD191EDE18000C57B0 /* Frameworks */ = {
			isa = PBXGroup;
			children = (
				8C4C55DE191EDE18000C57B0 /* Foundation.framework */,
				8C4C55E0191EDE18000C57B0 /* CoreGraphics.framework */,
				8C4C55E2191EDE18000C57B0 /* UIKit.framework */,
				8C4C55FD191EDE18000C57B0 /* XCTest.framework */,
			);
			name = Frameworks;
			sourceTree = "<group>";
		};
		8C4C55E4191EDE18000C57B0 /* 110514 OpenCV Circle Hough Transform */ = {
			isa = PBXGroup;
			children = (
				8C4C55ED191EDE18000C57B0 /* AppDelegate.h */,
				8C4C55EE191EDE18000C57B0 /* AppDelegate.m */,
				8C4C55F0191EDE18000C57B0 /* Main.storyboard */,
				8C4C55F3191EDE18000C57B0 /* ViewController.h */,
				8C4C55F4191EDE18000C57B0 /* ViewController.m */,
				8C4C55F6191EDE18000C57B0 /* Images.xcassets */,
				8C4C55E5191EDE18000C57B0 /* Supporting Files */,
			);
			path = "110514 OpenCV Circle Hough Transform";
			sourceTree = "<group>";
		};
		8C4C55E5191EDE18000C57B0 /* Supporting Files */ = {
			isa = PBXGroup;
			children = (
				8C4C55E6191EDE18000C57B0 /* 110514 OpenCV Circle Hough Transform-Info.plist */,
				8C4C55E7191EDE18000C57B0 /* InfoPlist.strings */,
				8C4C55EA191EDE18000C57B0 /* main.m */,
				8C4C55EC191EDE18000C57B0 /* 110514 OpenCV Circle Hough Transform-Prefix.pch */,
			);
			name = "Supporting Files";
			sourceTree = "<group>";
		};
		8C4C5603191EDE18000C57B0 /* 110514 OpenCV Circle Hough TransformTests */ = {
			isa = PBXGroup;
			children = (
				8C4C5609191EDE18000C57B0 /* _10514_OpenCV_Circle_Hough_TransformTests.m */,
				8C4C5604191EDE18000C57B0 /* Supporting Files */,
			);
			path = "110514 OpenCV Circle Hough TransformTests";
			sourceTree = "<group>";
		};
		8C4C5604191EDE18000C57B0 /* Supporting Files */ = {
			isa = PBXGroup;
			children = (
				8C4C5605191EDE18000C57B0 /* 110514 OpenCV Circle Hough TransformTests-Info.plist */,
				8C4C5606191EDE18000C57B0 /* InfoPlist.strings */,
			);
			name = "Supporting Files";
			sourceTree = "<group>";
		};
/* End PBXGroup section */

/* Begin PBXNativeTarget section */
		8C4C55DA191EDE18000C57B0 /* 110514 OpenCV Circle Hough Transform */ = {
			isa = PBXNativeTarget;
			buildConfigurationList = 8C4C560D191EDE18000C57B0 /* Build configuration list for PBXNativeTarget "110514 OpenCV Circle Hough Transform" */;
			buildPhases = (
				8C4C55D7191EDE18000C57B0 /* Sources */,
				8C4C55D8191EDE18000C57B0 /* Frameworks */,
				8C4C55D9191EDE18000C57B0 /* Resources */,
			);
			buildRules = (
			);
			dependencies = (
			);
			name = "110514 OpenCV Circle Hough Transform";
			productName = "110514 OpenCV Circle Hough Transform";
			productReference = 8C4C55DB191EDE18000C57B0 /* 110514 OpenCV Circle Hough Transform.app */;
			productType = "com.apple.product-type.application";
		};
		8C4C55FB191EDE18000C57B0 /* 110514 OpenCV Circle Hough TransformTests */ = {
			isa = PBXNativeTarget;
			buildConfigurationList = 8C4C5610191EDE18000C57B0 /* Build configuration list for PBXNativeTarget "110514 OpenCV Circle Hough TransformTests" */;
			buildPhases = (
				8C4C55F8191EDE18000C57B0 /* Sources */,
				8C4C55F9191EDE18000C57B0 /* Frameworks */,
				8C4C55FA191EDE18000C57B0 /* Resources */,
			);
			buildRules = (
			);
			dependencies = (
				8C4C5602191EDE18000C57B0 /* PBXTargetDependency */,
			);
			name = "110514 OpenCV Circle Hough TransformTests";
			productName = "110514 OpenCV Circle Hough TransformTests";
			productReference = 8C4C55FC191EDE18000C57B0 /* 110514 OpenCV Circle Hough TransformTests.xctest */;
			productType = "com.apple.product-type.bundle.unit-test";
		};
/* End PBXNativeTarget section */

/* Begin PBXProject section */
		8C4C55D3191EDE18000C57B0 /* Project object */ = {
			isa = PBXProject;
			attributes = {
				LastUpgradeCheck = 0510;
				ORGANIZATIONNAME = "Niels Sievertsen";
				TargetAttributes = {
					8C4C55FB191EDE18000C57B0 = {
						TestTargetID = 8C4C55DA191EDE18000C57B0;
					};
				};
			};
			buildConfigurationList = 8C4C55D6191EDE18000C57B0 /* Build configuration list for PBXProject "110514 OpenCV Circle Hough Transform" */;
			compatibilityVersion = "Xcode 3.2";
			developmentRegion = English;
			hasScannedForEncodings = 0;
			knownRegions = (
				en,
				Base,
			);
			mainGroup = 8C4C55D2191EDE18000C57B0;
			productRefGroup = 8C4C55DC191EDE18000C57B0 /* Products */;
			projectDirPath = "";
			projectRoot = "";
			targets = (
				8C4C55DA191EDE18000C57B0 /* 110514 OpenCV Circle Hough Transform */,
				8C4C55FB191EDE18000C57B0 /* 110514 OpenCV Circle Hough TransformTests */,
			);
		};
/* End PBXProject section */

/* Begin PBXResourcesBuildPhase section */
		8C4C55D9191EDE18000C57B0 /* Resources */ = {
			isa = PBXResourcesBuildPhase;
			buildActionMask = 2147483647;
			files = (
				8C4C55F7191EDE18000C57B0 /* Images.xcassets in Resources */,
				8C4C55E9191EDE18000C57B0 /* InfoPlist.strings in Resources */,
				8C4C55F2191EDE18000C57B0 /* Main.storyboard in Resources */,
			);
			runOnlyForDeploymentPostprocessing = 0;
		};
		8C4C55FA191EDE18000C57B0 /* Resources */ = {
			isa = PBXResourcesBuildPhase;
			buildActionMask = 2147483647;
			files = (
				8C4C5608191EDE18000C57B0 /* InfoPlist.strings in Resources */,
			);
			runOnlyForDeploymentPostprocessing = 0;
		};
/* End PBXResourcesBuildPhase section */

/* Begin PBXSourcesBuildPhase section */
		8C4C55D7191EDE18000C57B0 /* Sources */ = {
			isa = PBXSourcesBuildPhase;
			buildActionMask = 2147483647;
			files = (
				8C4C55F5191EDE18000C57B0 /* ViewController.m in Sources */,
				8C4C55EF191EDE18000C57B0 /* AppDelegate.m in Sources */,
				8C4C55EB191EDE18000C57B0 /* main.m in Sources */,
			);
			runOnlyForDeploymentPostprocessing = 0;
		};
		8C4C55F8191EDE18000C57B0 /* Sources */ = {
			isa = PBXSourcesBuildPhase;
			buildActionMask = 2147483647;
			files = (
				8C4C560A191EDE18000C57B0 /* _10514_OpenCV_Circle_Hough_TransformTests.m in Sources */,
			);
			runOnlyForDeploymentPostprocessing = 0;
		};
/* End PBXSourcesBuildPhase section */

/* Begin PBXTargetDependency section */
		8C4C5602191EDE18000C57B0 /* PBXTargetDependency */ = {
			isa = PBXTargetDependency;
			target = 8C4C55DA191EDE18000C57B0 /* 110514 OpenCV Circle Hough Transform */;
			targetProxy = 8C4C5601191EDE18000C57B0 /* PBXContainerItemProxy */;
		};
/* End PBXTargetDependency section */

/* Begin PBXVariantGroup section */
		8C4C55E7191EDE18000C57B0 /* InfoPlist.strings */ = {
			isa = PBXVariantGroup;
			children = (
				8C4C55E8191EDE18000C57B0 /* en */,
			);
			name = InfoPlist.strings;
			sourceTree = "<group>";
		};
		8C4C55F0191EDE18000C57B0 /* Main.storyboard */ = {
			isa = PBXVariantGroup;
			children = (
				8C4C55F1191EDE18000C57B0 /* Base */,
			);
			name = Main.storyboard;
			sourceTree = "<group>";
		};
		8C4C5606191EDE18000C57B0 /* InfoPlist.strings */ = {
			isa = PBXVariantGroup;
			children = (
				8C4C5607191EDE18000C57B0 /* en */,
			);
			name = InfoPlist.strings;
			sourceTree = "<group>";
		};
/* End PBXVariantGroup section */

/* Begin XCBuildConfiguration section */
		8C4C560B191EDE18000C57B0 /* Debug */ = {
			isa = XCBuildConfiguration;
			buildSettings = {
				ALWAYS_SEARCH_USER_PATHS = NO;
				CLANG_CXX_LANGUAGE_STANDARD = "gnu++0x";
				CLANG_CXX_LIBRARY = "libc++";
				CLANG_ENABLE_MODULES = YES;
				CLANG_ENABLE_OBJC_ARC = YES;
				CLANG_WARN_BOOL_CONVERSION = YES;
				CLANG_WARN_CONSTANT_CONVERSION = YES;
				CLANG_WARN_DIRECT_OBJC_ISA_USAGE = YES_ERROR;
				CLANG_WARN_EMPTY_BODY = YES;
				CLANG_WARN_ENUM_CONVERSION = YES;
				CLANG_WARN_INT_CONVERSION = YES;
				CLANG_WARN_OBJC_ROOT_CLASS = YES_ERROR;
				CLANG_WARN__DUPLICATE_METHOD_MATCH = YES;
				"CODE_SIGN_IDENTITY[sdk=iphoneos*]" = "iPhone Developer";
				COPY_PHASE_STRIP = NO;
				GCC_C_LANGUAGE_STANDARD = gnu99;
				GCC_DYNAMIC_NO_PIC = NO;
				GCC_OPTIMIZATION_LEVEL = 0;
				GCC_PREPROCESSOR_DEFINITIONS = (
					"DEBUG=1",
					"$(inherited)",
				);
				GCC_SYMBOLS_PRIVATE_EXTERN = NO;
				GCC_WARN_64_TO_32_BIT_CONVERSION = YES;
				GCC_WARN_ABOUT_RETURN_TYPE = YES_ERROR;
				GCC_WARN_UNDECLARED_SELECTOR = YES;
				GCC_WARN_UNINITIALIZED_AUTOS = YES_AGGRESSIVE;
				GCC_WARN_UNUSED_FUNCTION = YES;
				GCC_WARN_UNUSED_VARIABLE = YES;
				IPHONEOS_DEPLOYMENT_TARGET = 7.1;
				ONLY_ACTIVE_ARCH = YES;
				SDKROOT = iphoneos;
			};
			name = Debug;
		};
		8C4C560C191EDE18000C57B0 /* Release */ = {
			isa = XCBuildConfiguration;
			buildSettings = {
				ALWAYS_SEARCH_USER_PATHS = NO;
				CLANG_CXX_LANGUAGE_STANDARD = "gnu++0x";
				CLANG_CXX_LIBRARY = "libc++";
				CLANG_ENABLE_MODULES = YES;
				CLANG_ENABLE_OBJC_ARC = YES;
				CLANG_WARN_BOOL_CONVERSION = YES;
				CLANG_WARN_CONSTANT_CONVERSION = YES;
				CLANG_WARN_DIRECT_OBJC_ISA_USAGE = YES_ERROR;
				CLANG_WARN_EMPTY_BODY = YES;
				CLANG_WARN_ENUM_CONVERSION = YES;
				CLANG_WARN_INT_CONVERSION = YES;
				CLANG_WARN_OBJC_ROOT_CLASS = YES_ERROR;
				CLANG_WARN__DUPLICATE_METHOD_MATCH = YES;
				"CODE_SIGN_IDENTITY[sdk=iphoneos*]" = "iPhone Developer";
				COPY_PHASE_STRIP = YES;
				ENABLE_NS_ASSERTIONS = NO;
				GCC_C_LANGUAGE_STANDARD = gnu99;
				GCC_WARN_64_TO_32_BIT_CONVERSION = YES;
				GCC_WARN_ABOUT_RETURN_TYPE = YES_ERROR;
				GCC_WARN_UNDECLARED_SELECTOR = YES;
				GCC_WARN_UNINITIALIZED_AUTOS = YES_AGGRESSIVE;
				GCC_WARN_UNUSED_FUNCTION = YES;
				GCC_WARN_UNUSED_VARIABLE = YES;
				IPHONEOS_DEPLOYMENT_TARGET = 7.1;
				SDKROOT = iphoneos;
				VALIDATE_PRODUCT = YES;
			};
			name = Release;
		};
		8C4C560E191EDE18000C57B0 /* Debug */ = {
			isa = XCBuildConfiguration;
			buildSettings = {
				ASSETCATALOG_COMPILER_APPICON_NAME = AppIcon;
				ASSETCATALOG_COMPILER_LAUNCHIMAGE_NAME = LaunchImage;
				GCC_PRECOMPILE_PREFIX_HEADER = YES;
				GCC_PREFIX_HEADER = "110514 OpenCV Circle Hough Transform/110514 OpenCV Circle Hough Transform-Prefix.pch";
				INFOPLIST_FILE = "110514 OpenCV Circle Hough Transform/110514 OpenCV Circle Hough Transform-Info.plist";
				PRODUCT_NAME = "$(TARGET_NAME)";
				WRAPPER_EXTENSION = app;
			};
			name = Debug;
		};
		8C4C560F191EDE18000C57B0 /* Release */ = {
			isa = XCBuildConfiguration;
			buildSettings = {
				ASSETCATALOG_COMPILER_APPICON_NAME = AppIcon;
				ASSETCATALOG_COMPILER_LAUNCHIMAGE_NAME = LaunchImage;
				GCC_PRECOMPILE_PREFIX_HEADER = YES;
				GCC_PREFIX_HEADER = "110514 OpenCV Circle Hough Transform/110514 OpenCV Circle Hough Transform-Prefix.pch";
				INFOPLIST_FILE = "110514 OpenCV Circle Hough Transform/110514 OpenCV Circle Hough Transform-Info.plist";
				PRODUCT_NAME = "$(TARGET_NAME)";
				WRAPPER_EXTENSION = app;
			};
			name = Release;
		};
		8C4C5611191EDE18000C57B0 /* Debug */ = {
			isa = XCBuildConfiguration;
			buildSettings = {
				BUNDLE_LOADER = "$(BUILT_PRODUCTS_DIR)/110514 OpenCV Circle Hough Transform.app/110514 OpenCV Circle Hough Transform";
				FRAMEWORK_SEARCH_PATHS = (
					"$(SDKROOT)/Developer/Library/Frameworks",
					"$(inherited)",
					"$(DEVELOPER_FRAMEWORKS_DIR)",
				);
				GCC_PRECOMPILE_PREFIX_HEADER = YES;
				GCC_PREFIX_HEADER = "110514 OpenCV Circle Hough Transform/110514 OpenCV Circle Hough Transform-Prefix.pch";
				GCC_PREPROCESSOR_DEFINITIONS = (
					"DEBUG=1",
					"$(inherited)",
				);
				INFOPLIST_FILE = "110514 OpenCV Circle Hough TransformTests/110514 OpenCV Circle Hough TransformTests-Info.plist";
				PRODUCT_NAME = "$(TARGET_NAME)";
				TEST_HOST = "$(BUNDLE_LOADER)";
				WRAPPER_EXTENSION = xctest;
			};
			name = Debug;
		};
		8C4C5612191EDE18000C57B0 /* Release */ = {
			isa = XCBuildConfiguration;
			buildSettings = {
				BUNDLE_LOADER = "$(BUILT_PRODUCTS_DIR)/110514 OpenCV Circle Hough Transform.app/110514 OpenCV Circle Hough Transform";
				FRAMEWORK_SEARCH_PATHS = (
					"$(SDKROOT)/Developer/Library/Frameworks",
					"$(inherited)",
					"$(DEVELOPER_FRAMEWORKS_DIR)",
				);
				GCC_PRECOMPILE_PREFIX_HEADER = YES;
				GCC_PREFIX_HEADER = "110514 OpenCV Circle Hough Transform/110514 OpenCV Circle Hough Transform-Prefix.pch";
				INFOPLIST_FILE = "110514 OpenCV Circle Hough TransformTests/110514 OpenCV Circle Hough TransformTests-Info.plist";
				PRODUCT_NAME = "$(TARGET_NAME)";
				TEST_HOST = "$(BUNDLE_LOADER)";
				WRAPPER_EXTENSION = xctest;
			};
			name = Release;
		};
/* End XCBuildConfiguration section */

/* Begin XCConfigurationList section */
		8C4C55D6191EDE18000C57B0 /* Build configuration list for PBXProject "110514 OpenCV Circle Hough Transform" */ = {
			isa = XCConfigurationList;
			buildConfigurations = (
				8C4C560B191EDE18000C57B0 /* Debug */,
				8C4C560C191EDE18000C57B0 /* Release */,
			);
			defaultConfigurationIsVisible = 0;
			defaultConfigurationName = Release;
		};
		8C4C560D191EDE18000C57B0 /* Build configuration list for PBXNativeTarget "110514 OpenCV Circle Hough Transform" */ = {
			isa = XCConfigurationList;
			buildConfigurations = (
				8C4C560E191EDE18000C57B0 /* Debug */,
				8C4C560F191EDE18000C57B0 /* Release */,
			);
			defaultConfigurationIsVisible = 0;
		};
		8C4C5610191EDE18000C57B0 /* Build configuration list for PBXNativeTarget "110514 OpenCV Circle Hough TransformTests" */ = {
			isa = XCConfigurationList;
			buildConfigurations = (
				8C4C5611191EDE18000C57B0 /* Debug */,
				8C4C5612191EDE18000C57B0 /* Release */,
			);
			defaultConfigurationIsVisible = 0;
		};
/* End XCConfigurationList section */
	};
	rootObject = 8C4C55D3191EDE18000C57B0 /* Project object */;
}
